
Microsoft Visual Studio Solution File, Format Version 12.00
# Visual Studio Version 17
VisualStudioVersion = 17.11.35327.3
MinimumVisualStudioVersion = 10.0.40219.1
Project("{FAE04EC0-301F-11D3-BF4B-00C04F79EFBC}") = "Task", "task\Task.csproj", "{786280D0-399F-42A6-B3BB-4DA4AB3C3266}"
EndProject
Global
	GlobalSection(SolutionConfigurationPlatforms) = preSolution
		Debug|Any CPU = Debug|Any CPU
		Release|Any CPU = Release|Any CPU
	EndGlobalSection
	GlobalSection(ProjectConfigurationPlatforms) = postSolution
		{786280D0-399F-42A6-B3BB-4DA4AB3C3266}.Debug|Any CPU.ActiveCfg = Debug|Any CPU
		{786280D0-399F-42A6-B3BB-4DA4AB3C3266}.Debug|Any CPU.Build.0 = Debug|Any CPU
		{786280D0-399F-42A6-B3BB-4DA4AB3C3266}.Release|Any CPU.ActiveCfg = Release|Any CPU
		{786280D0-399F-42A6-B3BB-4DA4AB3C3266}.Release|Any CPU.Build.0 = Release|Any CPU
	EndGlobalSection
	GlobalSection(SolutionProperties) = preSolution
		HideSolutionNode = FALSE
	EndGlobalSection
	GlobalSection(ExtensibilityGlobals) = postSolution
		SolutionGuid = {A7BC8514-D682-42F8-A5FB-8DCF5B202466}
	EndGlobalSection
EndGlobal
